{
  "version": 4,
  "terraform_version": "0.12.0",
  "serial": 13,
  "lineage": "0b706087-a1d4-e6f7-1ddc-4b23331fbfe9",
  "outputs": {},
  "resources": [
    {
      "mode": "managed",
      "type": "antsle_antlets",
      "name": "master-0",
      "provider": "provider.antsle",
      "instances": [
        {
          "schema_version": 0,
          "attributes": {
            "antlet_num": 10,
            "autostart": true,
            "compression": "off",
            "cpu": 1,
            "description": "",
            "dname": "k8s1-master-0",
            "dtype": "KVM",
            "id": "k8s1-master-0",
            "ip": "10.10.1.10",
            "ram": 1024,
            "ram_display": "1 GiB",
            "state": "Stopped",
            "storage_display": "40 GiB",
            "template": "CentOS-7",
            "timeouts": null,
            "uuid": "deb96f9f-9a31-48b1-ab31-a71e9d32b7eb",
            "zfs_quota": 0,
            "zpool": {
              "antsle:managed_origin": "-",
              "capacity": "2%",
              "compression": "off",
              "health": "ONLINE",
              "mounted": "true",
              "mountpoint": "/antlets",
              "name": "antlets",
              "size": "448G"
            },
            "zpool_name": "antlets"
          }
        }
      ]
    },
    {
      "mode": "managed",
      "type": "antsle_antlets",
      "name": "master-1",
      "provider": "provider.antsle",
      "instances": [
        {
          "schema_version": 0,
          "attributes": {
            "antlet_num": 11,
            "autostart": true,
            "compression": "off",
            "cpu": 1,
            "description": "",
            "dname": "k8s1-master-1",
            "dtype": "KVM",
            "id": "k8s1-master-1",
            "ip": "10.10.1.11",
            "ram": 1024,
            "ram_display": "1 GiB",
            "state": "Stopped",
            "storage_display": "40 GiB",
            "template": "CentOS-7",
            "timeouts": null,
            "uuid": "02a5d994-1444-4020-9ce5-af7fbe646a04",
            "zfs_quota": 0,
            "zpool": {
              "antsle:managed_origin": "-",
              "capacity": "2%",
              "compression": "off",
              "health": "ONLINE",
              "mounted": "true",
              "mountpoint": "/antlets",
              "name": "antlets",
              "size": "448G"
            },
            "zpool_name": "antlets"
          }
        }
      ]
    },
    {
      "mode": "managed",
      "type": "antsle_antlets",
      "name": "master-2",
      "provider": "provider.antsle",
      "instances": [
        {
          "schema_version": 0,
          "attributes": {
            "antlet_num": 12,
            "autostart": true,
            "compression": "off",
            "cpu": 1,
            "description": "",
            "dname": "k8s1-master-2",
            "dtype": "KVM",
            "id": "k8s1-master-2",
            "ip": "10.10.1.12",
            "ram": 1024,
            "ram_display": "1 GiB",
            "state": "Stopped",
            "storage_display": "40 GiB",
            "template": "CentOS-7",
            "timeouts": null,
            "uuid": "d16c1aa9-d942-4ea3-af46-98600e92d772",
            "zfs_quota": 0,
            "zpool": {
              "antsle:managed_origin": "-",
              "capacity": "2%",
              "compression": "off",
              "health": "ONLINE",
              "mounted": "true",
              "mountpoint": "/antlets",
              "name": "antlets",
              "size": "448G"
            },
            "zpool_name": "antlets"
          }
        }
      ]
    },
    {
      "mode": "managed",
      "type": "antsle_antlets",
      "name": "proxy",
      "provider": "provider.antsle",
      "instances": [
        {
          "schema_version": 0,
          "attributes": {
            "antlet_num": 30,
            "autostart": true,
            "compression": "lz4",
            "cpu": 1,
            "description": "",
            "dname": "k8s1-proxy",
            "dtype": "KVM",
            "id": "k8s1-proxy",
            "ip": "10.10.1.30",
            "ram": 1024,
            "ram_display": "1 GiB",
            "state": "Stopped",
            "storage_display": "40 GiB",
            "template": "CentOS-7",
            "timeouts": null,
            "uuid": "591f5400-c131-46cc-99ec-0cc54a7c6ca3",
            "zfs_quota": 0,
            "zpool": {
              "antsle:managed_origin": "-",
              "capacity": "2%",
              "compression": "off",
              "health": "ONLINE",
              "mounted": "true",
              "mountpoint": "/antlets",
              "name": "antlets",
              "size": "448G"
            },
            "zpool_name": "antlets"
          }
        }
      ]
    },
    {
      "mode": "managed",
      "type": "antsle_antlets",
      "name": "worker-0",
      "provider": "provider.antsle",
      "instances": [
        {
          "schema_version": 0,
          "attributes": {
            "antlet_num": 20,
            "autostart": true,
            "compression": "off",
            "cpu": 2,
            "description": "",
            "dname": "k8s1-worker-0",
            "dtype": "KVM",
            "id": "k8s1-worker-0",
            "ip": "10.10.1.20",
            "ram": 2024,
            "ram_display": "1 GiB",
            "state": "Stopped",
            "storage_display": "40 GiB",
            "template": "CentOS-7",
            "timeouts": null,
            "uuid": "2c305a7b-5f32-4252-878c-7511d7ed4566",
            "zfs_quota": 0,
            "zpool": {
              "antsle:managed_origin": "-",
              "capacity": "2%",
              "compression": "off",
              "health": "ONLINE",
              "mounted": "true",
              "mountpoint": "/antlets",
              "name": "antlets",
              "size": "448G"
            },
            "zpool_name": "antlets"
          }
        }
      ]
    },
    {
      "mode": "managed",
      "type": "antsle_antlets",
      "name": "worker-1",
      "provider": "provider.antsle",
      "instances": [
        {
          "schema_version": 0,
          "attributes": {
            "antlet_num": 21,
            "autostart": true,
            "compression": "off",
            "cpu": 2,
            "description": "",
            "dname": "k8s1-worker-1",
            "dtype": "KVM",
            "id": "k8s1-worker-1",
            "ip": "10.10.1.21",
            "ram": 2024,
            "ram_display": "1 GiB",
            "state": "Stopped",
            "storage_display": "40 GiB",
            "template": "CentOS-7",
            "timeouts": null,
            "uuid": "c29da1d1-af0b-4397-983c-fd2515c50e37",
            "zfs_quota": 0,
            "zpool": {
              "antsle:managed_origin": "-",
              "capacity": "2%",
              "compression": "off",
              "health": "ONLINE",
              "mounted": "true",
              "mountpoint": "/antlets",
              "name": "antlets",
              "size": "448G"
            },
            "zpool_name": "antlets"
          }
        }
      ]
    },
    {
      "mode": "managed",
      "type": "antsle_antlets",
      "name": "worker-2",
      "provider": "provider.antsle",
      "instances": [
        {
          "schema_version": 0,
          "attributes": {
            "antlet_num": 22,
            "autostart": true,
            "compression": "off",
            "cpu": 2,
            "description": "",
            "dname": "k8s1-worker-2",
            "dtype": "KVM",
            "id": "k8s1-worker-2",
            "ip": "10.10.1.22",
            "ram": 2024,
            "ram_display": "1 GiB",
            "state": "Stopped",
            "storage_display": "40 GiB",
            "template": "CentOS-7",
            "timeouts": null,
            "uuid": "451d0c6c-dcf0-4592-a466-fd3334ea4800",
            "zfs_quota": 0,
            "zpool": {
              "antsle:managed_origin": "-",
              "capacity": "2%",
              "compression": "off",
              "health": "ONLINE",
              "mounted": "true",
              "mountpoint": "/antlets",
              "name": "antlets",
              "size": "448G"
            },
            "zpool_name": "antlets"
          }
        }
      ]
    }
  ]
}
