{
  "version": 4,
  "terraform_version": "0.12.0",
  "serial": 77,
  "lineage": "2df5f8fd-1002-3bdb-49c9-81cd46d0f721",
  "outputs": {},
  "resources": [
    {
      "mode": "managed",
      "type": "antsle_antlets",
      "name": "master-0",
      "provider": "provider.antsle",
      "instances": [
        {
          "schema_version": 0,
          "attributes": {
            "antlet_num": 10,
            "autostart": true,
            "compression": "off",
            "cpu": 3,
            "description": "",
            "dname": "k8s1-master-0",
            "dtype": "KVM",
            "id": "k8s1-master-0",
            "ip": "10.10.1.10",
            "ram": 6000,
            "ram_display": "5 GiB",
            "state": "Running",
            "storage_display": "40 GiB",
            "template": "CentOS-7",
            "timeouts": null,
            "uuid": "7f68654d-2511-4d0b-a6fe-0382ff74f006",
            "zfs_quota": 0,
            "zpool": {
              "antsle:managed_origin": "-",
              "capacity": "6%",
              "compression": "off",
              "health": "ONLINE",
              "mounted": "true",
              "mountpoint": "/antlets",
              "name": "antlets",
              "size": "448G"
            },
            "zpool_name": "antlets"
          }
        }
      ]
    },
    {
      "mode": "managed",
      "type": "antsle_antlets",
      "name": "worker-0",
      "provider": "provider.antsle",
      "instances": [
        {
          "schema_version": 0,
          "attributes": {
            "antlet_num": 20,
            "autostart": true,
            "compression": "off",
            "cpu": 3,
            "description": "",
            "dname": "k8s1-worker-0",
            "dtype": "KVM",
            "id": "k8s1-worker-0",
            "ip": "10.10.1.20",
            "ram": 9000,
            "ram_display": "8 GiB",
            "state": "Running",
            "storage_display": "40 GiB",
            "template": "CentOS-7",
            "timeouts": null,
            "uuid": "e6ad11f1-c1de-48b1-b9d2-5d3474cc8643",
            "zfs_quota": 0,
            "zpool": {
              "antsle:managed_origin": "-",
              "capacity": "6%",
              "compression": "off",
              "health": "ONLINE",
              "mounted": "true",
              "mountpoint": "/antlets",
              "name": "antlets",
              "size": "448G"
            },
            "zpool_name": "antlets"
          }
        }
      ]
    },
    {
      "mode": "managed",
      "type": "antsle_antlets",
      "name": "worker-1",
      "provider": "provider.antsle",
      "instances": [
        {
          "schema_version": 0,
          "attributes": {
            "antlet_num": 21,
            "autostart": true,
            "compression": "off",
            "cpu": 3,
            "description": "",
            "dname": "k8s1-worker-1",
            "dtype": "KVM",
            "id": "k8s1-worker-1",
            "ip": "10.10.1.21",
            "ram": 9000,
            "ram_display": "8 GiB",
            "state": "Running",
            "storage_display": "40 GiB",
            "template": "CentOS-7",
            "timeouts": null,
            "uuid": "259d301a-8276-4bfa-a5e5-4ddd9426c899",
            "zfs_quota": 0,
            "zpool": {
              "antsle:managed_origin": "-",
              "capacity": "6%",
              "compression": "off",
              "health": "ONLINE",
              "mounted": "true",
              "mountpoint": "/antlets",
              "name": "antlets",
              "size": "448G"
            },
            "zpool_name": "antlets"
          }
        }
      ]
    },
    {
      "mode": "managed",
      "type": "antsle_antlets",
      "name": "worker-2",
      "provider": "provider.antsle",
      "instances": [
        {
          "schema_version": 0,
          "attributes": {
            "antlet_num": 22,
            "autostart": true,
            "compression": "off",
            "cpu": 3,
            "description": "",
            "dname": "k8s1-worker-2",
            "dtype": "KVM",
            "id": "k8s1-worker-2",
            "ip": "10.10.1.22",
            "ram": 9000,
            "ram_display": "8 GiB",
            "state": "Running",
            "storage_display": "40 GiB",
            "template": "CentOS-7",
            "timeouts": null,
            "uuid": "e9da16ce-7073-4530-aa25-6e695d2c1e9c",
            "zfs_quota": 0,
            "zpool": {
              "antsle:managed_origin": "-",
              "capacity": "6%",
              "compression": "off",
              "health": "ONLINE",
              "mounted": "true",
              "mountpoint": "/antlets",
              "name": "antlets",
              "size": "448G"
            },
            "zpool_name": "antlets"
          }
        }
      ]
    }
  ]
}
